
Microsoft Visual Studio Solution File, Format Version 12.00
# Visual Studio Version 17
VisualStudioVersion = 17.5.002.0
MinimumVisualStudioVersion = 10.0.40219.1
Project("{2150E333-8FDC-42A3-9474-1A3956D46DE8}") = "lambda", "lambda", "{3C2CDBDC-68D8-451F-BF83-0286E12956C7}"
EndProject
Project("{2150E333-8FDC-42A3-9474-1A3956D46DE8}") = "PathCalculationHandler", "PathCalculationHandler", "{A6CD2935-2C99-496E-8627-E25F129ABC49}"
EndProject
Project("{2150E333-8FDC-42A3-9474-1A3956D46DE8}") = "test", "test", "{0B277BB6-84AB-41D9-B349-6283D937E0E2}"
EndProject
Project("{9A19103F-16F7-4668-BE54-9A1E7A4F7556}") = "PathCalculationHandler.Tests", "lambda\PathCalculationHandler\test\PathCalculationHandler.Tests\PathCalculationHandler.Tests.csproj", "{D2C32D7B-5D20-499A-938F-BEA1F80080D3}"
EndProject
Project("{2150E333-8FDC-42A3-9474-1A3956D46DE8}") = "src", "src", "{04745BF2-EE99-4EF8-9ED3-ACB80A54A18F}"
EndProject
Project("{9A19103F-16F7-4668-BE54-9A1E7A4F7556}") = "PathCalculationHandler", "lambda\PathCalculationHandler\src\PathCalculationHandler\PathCalculationHandler.csproj", "{09F95515-C96B-42C1-B3CF-5BFD1B1BA663}"
EndProject
Project("{2150E333-8FDC-42A3-9474-1A3956D46DE8}") = "GetResultHandler", "GetResultHandler", "{9C50F182-3B2E-466B-B6A6-4592ED5BD2B4}"
EndProject
Project("{2150E333-8FDC-42A3-9474-1A3956D46DE8}") = "test", "test", "{1156A32C-C770-4C86-9656-4F637774A5B3}"
EndProject
Project("{9A19103F-16F7-4668-BE54-9A1E7A4F7556}") = "GetResultHandler.Tests", "lambda\GetResultHandler\test\GetResultHandler.Tests\GetResultHandler.Tests.csproj", "{F447B248-0A97-4143-A936-2978E9C18442}"
EndProject
Project("{2150E333-8FDC-42A3-9474-1A3956D46DE8}") = "src", "src", "{46ADF2D1-E5BA-4487-A121-0155A72D8096}"
EndProject
Project("{9A19103F-16F7-4668-BE54-9A1E7A4F7556}") = "GetResultHandler", "lambda\GetResultHandler\src\GetResultHandler\GetResultHandler.csproj", "{62FC3479-A97A-4760-A2E9-F133D1A8E71C}"
EndProject
Project("{2150E333-8FDC-42A3-9474-1A3956D46DE8}") = "CreateRequestHandler", "CreateRequestHandler", "{45AF2ED8-4D09-4E0F-956D-26D7A44E1FDE}"
EndProject
Project("{2150E333-8FDC-42A3-9474-1A3956D46DE8}") = "test", "test", "{F37F01AD-4F31-49A7-9721-890215F9253A}"
EndProject
Project("{9A19103F-16F7-4668-BE54-9A1E7A4F7556}") = "CreateRequestHandler.Tests", "lambda\CreateRequestHandler\test\CreateRequestHandler.Tests\CreateRequestHandler.Tests.csproj", "{74EEEC60-41D8-405D-8AE3-C70CCF1266C5}"
EndProject
Project("{2150E333-8FDC-42A3-9474-1A3956D46DE8}") = "src", "src", "{AADA08BA-224C-4D41-AB83-F86553D0D3BD}"
EndProject
Project("{9A19103F-16F7-4668-BE54-9A1E7A4F7556}") = "CreateRequestHandler", "lambda\CreateRequestHandler\src\CreateRequestHandler\CreateRequestHandler.csproj", "{C4560CD6-538B-4B57-A72E-541157882FD2}"
EndProject
Global
	GlobalSection(SolutionConfigurationPlatforms) = preSolution
		Debug|Any CPU = Debug|Any CPU
		Release|Any CPU = Release|Any CPU
	EndGlobalSection
	GlobalSection(ProjectConfigurationPlatforms) = postSolution
		{D2C32D7B-5D20-499A-938F-BEA1F80080D3}.Debug|Any CPU.ActiveCfg = Debug|Any CPU
		{D2C32D7B-5D20-499A-938F-BEA1F80080D3}.Debug|Any CPU.Build.0 = Debug|Any CPU
		{D2C32D7B-5D20-499A-938F-BEA1F80080D3}.Release|Any CPU.ActiveCfg = Release|Any CPU
		{D2C32D7B-5D20-499A-938F-BEA1F80080D3}.Release|Any CPU.Build.0 = Release|Any CPU
		{09F95515-C96B-42C1-B3CF-5BFD1B1BA663}.Debug|Any CPU.ActiveCfg = Debug|Any CPU
		{09F95515-C96B-42C1-B3CF-5BFD1B1BA663}.Debug|Any CPU.Build.0 = Debug|Any CPU
		{09F95515-C96B-42C1-B3CF-5BFD1B1BA663}.Release|Any CPU.ActiveCfg = Release|Any CPU
		{09F95515-C96B-42C1-B3CF-5BFD1B1BA663}.Release|Any CPU.Build.0 = Release|Any CPU
		{F447B248-0A97-4143-A936-2978E9C18442}.Debug|Any CPU.ActiveCfg = Debug|Any CPU
		{F447B248-0A97-4143-A936-2978E9C18442}.Debug|Any CPU.Build.0 = Debug|Any CPU
		{F447B248-0A97-4143-A936-2978E9C18442}.Release|Any CPU.ActiveCfg = Release|Any CPU
		{F447B248-0A97-4143-A936-2978E9C18442}.Release|Any CPU.Build.0 = Release|Any CPU
		{62FC3479-A97A-4760-A2E9-F133D1A8E71C}.Debug|Any CPU.ActiveCfg = Debug|Any CPU
		{62FC3479-A97A-4760-A2E9-F133D1A8E71C}.Debug|Any CPU.Build.0 = Debug|Any CPU
		{62FC3479-A97A-4760-A2E9-F133D1A8E71C}.Release|Any CPU.ActiveCfg = Release|Any CPU
		{62FC3479-A97A-4760-A2E9-F133D1A8E71C}.Release|Any CPU.Build.0 = Release|Any CPU
		{74EEEC60-41D8-405D-8AE3-C70CCF1266C5}.Debug|Any CPU.ActiveCfg = Debug|Any CPU
		{74EEEC60-41D8-405D-8AE3-C70CCF1266C5}.Debug|Any CPU.Build.0 = Debug|Any CPU
		{74EEEC60-41D8-405D-8AE3-C70CCF1266C5}.Release|Any CPU.ActiveCfg = Release|Any CPU
		{74EEEC60-41D8-405D-8AE3-C70CCF1266C5}.Release|Any CPU.Build.0 = Release|Any CPU
		{C4560CD6-538B-4B57-A72E-541157882FD2}.Debug|Any CPU.ActiveCfg = Debug|Any CPU
		{C4560CD6-538B-4B57-A72E-541157882FD2}.Debug|Any CPU.Build.0 = Debug|Any CPU
		{C4560CD6-538B-4B57-A72E-541157882FD2}.Release|Any CPU.ActiveCfg = Release|Any CPU
		{C4560CD6-538B-4B57-A72E-541157882FD2}.Release|Any CPU.Build.0 = Release|Any CPU
	EndGlobalSection
	GlobalSection(SolutionProperties) = preSolution
		HideSolutionNode = FALSE
	EndGlobalSection
	GlobalSection(NestedProjects) = preSolution
		{A6CD2935-2C99-496E-8627-E25F129ABC49} = {3C2CDBDC-68D8-451F-BF83-0286E12956C7}
		{0B277BB6-84AB-41D9-B349-6283D937E0E2} = {A6CD2935-2C99-496E-8627-E25F129ABC49}
		{D2C32D7B-5D20-499A-938F-BEA1F80080D3} = {0B277BB6-84AB-41D9-B349-6283D937E0E2}
		{04745BF2-EE99-4EF8-9ED3-ACB80A54A18F} = {A6CD2935-2C99-496E-8627-E25F129ABC49}
		{09F95515-C96B-42C1-B3CF-5BFD1B1BA663} = {04745BF2-EE99-4EF8-9ED3-ACB80A54A18F}
		{9C50F182-3B2E-466B-B6A6-4592ED5BD2B4} = {3C2CDBDC-68D8-451F-BF83-0286E12956C7}
		{1156A32C-C770-4C86-9656-4F637774A5B3} = {9C50F182-3B2E-466B-B6A6-4592ED5BD2B4}
		{F447B248-0A97-4143-A936-2978E9C18442} = {1156A32C-C770-4C86-9656-4F637774A5B3}
		{46ADF2D1-E5BA-4487-A121-0155A72D8096} = {9C50F182-3B2E-466B-B6A6-4592ED5BD2B4}
		{62FC3479-A97A-4760-A2E9-F133D1A8E71C} = {46ADF2D1-E5BA-4487-A121-0155A72D8096}
		{45AF2ED8-4D09-4E0F-956D-26D7A44E1FDE} = {3C2CDBDC-68D8-451F-BF83-0286E12956C7}
		{F37F01AD-4F31-49A7-9721-890215F9253A} = {45AF2ED8-4D09-4E0F-956D-26D7A44E1FDE}
		{74EEEC60-41D8-405D-8AE3-C70CCF1266C5} = {F37F01AD-4F31-49A7-9721-890215F9253A}
		{AADA08BA-224C-4D41-AB83-F86553D0D3BD} = {45AF2ED8-4D09-4E0F-956D-26D7A44E1FDE}
		{C4560CD6-538B-4B57-A72E-541157882FD2} = {AADA08BA-224C-4D41-AB83-F86553D0D3BD}
	EndGlobalSection
	GlobalSection(ExtensibilityGlobals) = postSolution
		SolutionGuid = {BF2C0090-C66E-4B8B-81FC-5D69C7F54B88}
	EndGlobalSection
EndGlobal
